// !$*UTF8*$!
{
	archiveVersion = 1;
	classes = {
	};
	objectVersion = 46;
	objects = {

/* Begin PBXBuildFile section */
		315509681A15AEE40068421A /* AppDelegate.swift in Sources */ = {isa = PBXBuildFile; fileRef = 315509671A15AEE40068421A /* AppDelegate.swift */; };
		3155096B1A15AEE40068421A /* _9_Red_Balloons.xcdatamodeld in Sources */ = {isa = PBXBuildFile; fileRef = 315509691A15AEE40068421A /* _9_Red_Balloons.xcdatamodeld */; };
		3155096D1A15AEE40068421A /* ViewController.swift in Sources */ = {isa = PBXBuildFile; fileRef = 3155096C1A15AEE40068421A /* ViewController.swift */; };
		315509701A15AEE50068421A /* Main.storyboard in Resources */ = {isa = PBXBuildFile; fileRef = 3155096E1A15AEE50068421A /* Main.storyboard */; };
		315509721A15AEE50068421A /* Images.xcassets in Resources */ = {isa = PBXBuildFile; fileRef = 315509711A15AEE50068421A /* Images.xcassets */; };
		315509751A15AEE50068421A /* LaunchScreen.xib in Resources */ = {isa = PBXBuildFile; fileRef = 315509731A15AEE50068421A /* LaunchScreen.xib */; };
		315509811A15AEE50068421A /* _9_Red_BalloonsTests.swift in Sources */ = {isa = PBXBuildFile; fileRef = 315509801A15AEE50068421A /* _9_Red_BalloonsTests.swift */; };
/* End PBXBuildFile section */

/* Begin PBXContainerItemProxy section */
		3155097B1A15AEE50068421A /* PBXContainerItemProxy */ = {
			isa = PBXContainerItemProxy;
			containerPortal = 3155095A1A15AEE40068421A /* Project object */;
			proxyType = 1;
			remoteGlobalIDString = 315509611A15AEE40068421A;
			remoteInfo = "99 Red Balloons";
		};
/* End PBXContainerItemProxy section */

/* Begin PBXFileReference section */
		315509621A15AEE40068421A /* 99 Red Balloons.app */ = {isa = PBXFileReference; explicitFileType = wrapper.application; includeInIndex = 0; path = "99 Red Balloons.app"; sourceTree = BUILT_PRODUCTS_DIR; };
		315509661A15AEE40068421A /* Info.plist */ = {isa = PBXFileReference; lastKnownFileType = text.plist.xml; path = Info.plist; sourceTree = "<group>"; };
		315509671A15AEE40068421A /* AppDelegate.swift */ = {isa = PBXFileReference; lastKnownFileType = sourcecode.swift; path = AppDelegate.swift; sourceTree = "<group>"; };
		3155096A1A15AEE40068421A /* _9_Red_Balloons.xcdatamodel */ = {isa = PBXFileReference; lastKnownFileType = wrapper.xcdatamodel; path = _9_Red_Balloons.xcdatamodel; sourceTree = "<group>"; };
		3155096C1A15AEE40068421A /* ViewController.swift */ = {isa = PBXFileReference; lastKnownFileType = sourcecode.swift; path = ViewController.swift; sourceTree = "<group>"; };
		3155096F1A15AEE50068421A /* Base */ = {isa = PBXFileReference; lastKnownFileType = file.storyboard; name = Base; path = Base.lproj/Main.storyboard; sourceTree = "<group>"; };
		315509711A15AEE50068421A /* Images.xcassets */ = {isa = PBXFileReference; lastKnownFileType = folder.assetcatalog; path = Images.xcassets; sourceTree = "<group>"; };
		315509741A15AEE50068421A /* Base */ = {isa = PBXFileReference; lastKnownFileType = file.xib; name = Base; path = Base.lproj/LaunchScreen.xib; sourceTree = "<group>"; };
		3155097A1A15AEE50068421A /* 99 Red BalloonsTests.xctest */ = {isa = PBXFileReference; explicitFileType = wrapper.cfbundle; includeInIndex = 0; path = "99 Red BalloonsTests.xctest"; sourceTree = BUILT_PRODUCTS_DIR; };
		3155097F1A15AEE50068421A /* Info.plist */ = {isa = PBXFileReference; lastKnownFileType = text.plist.xml; path = Info.plist; sourceTree = "<group>"; };
		315509801A15AEE50068421A /* _9_Red_BalloonsTests.swift */ = {isa = PBXFileReference; lastKnownFileType = sourcecode.swift; path = _9_Red_BalloonsTests.swift; sourceTree = "<group>"; };
/* End PBXFileReference section */

/* Begin PBXFrameworksBuildPhase section */
		3155095F1A15AEE40068421A /* Frameworks */ = {
			isa = PBXFrameworksBuildPhase;
			buildActionMask = 2147483647;
			files = (
			);
			runOnlyForDeploymentPostprocessing = 0;
		};
		315509771A15AEE50068421A /* Frameworks */ = {
			isa = PBXFrameworksBuildPhase;
			buildActionMask = 2147483647;
			files = (
			);
			runOnlyForDeploymentPostprocessing = 0;
		};
/* End PBXFrameworksBuildPhase section */

/* Begin PBXGroup section */
		315509591A15AEE40068421A = {
			isa = PBXGroup;
			children = (
				315509641A15AEE40068421A /* 99 Red Balloons */,
				3155097D1A15AEE50068421A /* 99 Red BalloonsTests */,
				315509631A15AEE40068421A /* Products */,
			);
			sourceTree = "<group>";
		};
		315509631A15AEE40068421A /* Products */ = {
			isa = PBXGroup;
			children = (
				315509621A15AEE40068421A /* 99 Red Balloons.app */,
				3155097A1A15AEE50068421A /* 99 Red BalloonsTests.xctest */,
			);
			name = Products;
			sourceTree = "<group>";
		};
		315509641A15AEE40068421A /* 99 Red Balloons */ = {
			isa = PBXGroup;
			children = (
				315509671A15AEE40068421A /* AppDelegate.swift */,
				3155096C1A15AEE40068421A /* ViewController.swift */,
				3155096E1A15AEE50068421A /* Main.storyboard */,
				315509711A15AEE50068421A /* Images.xcassets */,
				315509731A15AEE50068421A /* LaunchScreen.xib */,
				315509691A15AEE40068421A /* _9_Red_Balloons.xcdatamodeld */,
				315509651A15AEE40068421A /* Supporting Files */,
			);
			path = "99 Red Balloons";
			sourceTree = "<group>";
		};
		315509651A15AEE40068421A /* Supporting Files */ = {
			isa = PBXGroup;
			children = (
				315509661A15AEE40068421A /* Info.plist */,
			);
			name = "Supporting Files";
			sourceTree = "<group>";
		};
		3155097D1A15AEE50068421A /* 99 Red BalloonsTests */ = {
			isa = PBXGroup;
			children = (
				315509801A15AEE50068421A /* _9_Red_BalloonsTests.swift */,
				3155097E1A15AEE50068421A /* Supporting Files */,
			);
			path = "99 Red BalloonsTests";
			sourceTree = "<group>";
		};
		3155097E1A15AEE50068421A /* Supporting Files */ = {
			isa = PBXGroup;
			children = (
				3155097F1A15AEE50068421A /* Info.plist */,
			);
			name = "Supporting Files";
			sourceTree = "<group>";
		};
/* End PBXGroup section */

/* Begin PBXNativeTarget section */
		315509611A15AEE40068421A /* 99 Red Balloons */ = {
			isa = PBXNativeTarget;
			buildConfigurationList = 315509841A15AEE50068421A /* Build configuration list for PBXNativeTarget "99 Red Balloons" */;
			buildPhases = (
				3155095E1A15AEE40068421A /* Sources */,
				3155095F1A15AEE40068421A /* Frameworks */,
				315509601A15AEE40068421A /* Resources */,
			);
			buildRules = (
			);
			dependencies = (
			);
			name = "99 Red Balloons";
			productName = "99 Red Balloons";
			productReference = 315509621A15AEE40068421A /* 99 Red Balloons.app */;
			productType = "com.apple.product-type.application";
		};
		315509791A15AEE50068421A /* 99 Red BalloonsTests */ = {
			isa = PBXNativeTarget;
			buildConfigurationList = 315509871A15AEE50068421A /* Build configuration list for PBXNativeTarget "99 Red BalloonsTests" */;
			buildPhases = (
				315509761A15AEE50068421A /* Sources */,
				315509771A15AEE50068421A /* Frameworks */,
				315509781A15AEE50068421A /* Resources */,
			);
			buildRules = (
			);
			dependencies = (
				3155097C1A15AEE50068421A /* PBXTargetDependency */,
			);
			name = "99 Red BalloonsTests";
			productName = "99 Red BalloonsTests";
			productReference = 3155097A1A15AEE50068421A /* 99 Red BalloonsTests.xctest */;
			productType = "com.apple.product-type.bundle.unit-test";
		};
/* End PBXNativeTarget section */

/* Begin PBXProject section */
		3155095A1A15AEE40068421A /* Project object */ = {
			isa = PBXProject;
			attributes = {
				LastUpgradeCheck = 0610;
				ORGANIZATIONNAME = Jerry;
				TargetAttributes = {
					315509611A15AEE40068421A = {
						CreatedOnToolsVersion = 6.1;
					};
					315509791A15AEE50068421A = {
						CreatedOnToolsVersion = 6.1;
						TestTargetID = 315509611A15AEE40068421A;
					};
				};
			};
			buildConfigurationList = 3155095D1A15AEE40068421A /* Build configuration list for PBXProject "99 Red Balloons" */;
			compatibilityVersion = "Xcode 3.2";
			developmentRegion = English;
			hasScannedForEncodings = 0;
			knownRegions = (
				en,
				Base,
			);
			mainGroup = 315509591A15AEE40068421A;
			productRefGroup = 315509631A15AEE40068421A /* Products */;
			projectDirPath = "";
			projectRoot = "";
			targets = (
				315509611A15AEE40068421A /* 99 Red Balloons */,
				315509791A15AEE50068421A /* 99 Red BalloonsTests */,
			);
		};
/* End PBXProject section */

/* Begin PBXResourcesBuildPhase section */
		315509601A15AEE40068421A /* Resources */ = {
			isa = PBXResourcesBuildPhase;
			buildActionMask = 2147483647;
			files = (
				315509701A15AEE50068421A /* Main.storyboard in Resources */,
				315509751A15AEE50068421A /* LaunchScreen.xib in Resources */,
				315509721A15AEE50068421A /* Images.xcassets in Resources */,
			);
			runOnlyForDeploymentPostprocessing = 0;
		};
		315509781A15AEE50068421A /* Resources */ = {
			isa = PBXResourcesBuildPhase;
			buildActionMask = 2147483647;
			files = (
			);
			runOnlyForDeploymentPostprocessing = 0;
		};
/* End PBXResourcesBuildPhase section */

/* Begin PBXSourcesBuildPhase section */
		3155095E1A15AEE40068421A /* Sources */ = {
			isa = PBXSourcesBuildPhase;
			buildActionMask = 2147483647;
			files = (
				3155096D1A15AEE40068421A /* ViewController.swift in Sources */,
				315509681A15AEE40068421A /* AppDelegate.swift in Sources */,
				3155096B1A15AEE40068421A /* _9_Red_Balloons.xcdatamodeld in Sources */,
			);
			runOnlyForDeploymentPostprocessing = 0;
		};
		315509761A15AEE50068421A /* Sources */ = {
			isa = PBXSourcesBuildPhase;
			buildActionMask = 2147483647;
			files = (
				315509811A15AEE50068421A /* _9_Red_BalloonsTests.swift in Sources */,
			);
			runOnlyForDeploymentPostprocessing = 0;
		};
/* End PBXSourcesBuildPhase section */

/* Begin PBXTargetDependency section */
		3155097C1A15AEE50068421A /* PBXTargetDependency */ = {
			isa = PBXTargetDependency;
			target = 315509611A15AEE40068421A /* 99 Red Balloons */;
			targetProxy = 3155097B1A15AEE50068421A /* PBXContainerItemProxy */;
		};
/* End PBXTargetDependency section */

/* Begin PBXVariantGroup section */
		3155096E1A15AEE50068421A /* Main.storyboard */ = {
			isa = PBXVariantGroup;
			children = (
				3155096F1A15AEE50068421A /* Base */,
			);
			name = Main.storyboard;
			sourceTree = "<group>";
		};
		315509731A15AEE50068421A /* LaunchScreen.xib */ = {
			isa = PBXVariantGroup;
			children = (
				315509741A15AEE50068421A /* Base */,
			);
			name = LaunchScreen.xib;
			sourceTree = "<group>";
		};
/* End PBXVariantGroup section */

/* Begin XCBuildConfiguration section */
		315509821A15AEE50068421A /* Debug */ = {
			isa = XCBuildConfiguration;
			buildSettings = {
				ALWAYS_SEARCH_USER_PATHS = NO;
				CLANG_CXX_LANGUAGE_STANDARD = "gnu++0x";
				CLANG_CXX_LIBRARY = "libc++";
				CLANG_ENABLE_MODULES = YES;
				CLANG_ENABLE_OBJC_ARC = YES;
				CLANG_WARN_BOOL_CONVERSION = YES;
				CLANG_WARN_CONSTANT_CONVERSION = YES;
				CLANG_WARN_DIRECT_OBJC_ISA_USAGE = YES_ERROR;
				CLANG_WARN_EMPTY_BODY = YES;
				CLANG_WARN_ENUM_CONVERSION = YES;
				CLANG_WARN_INT_CONVERSION = YES;
				CLANG_WARN_OBJC_ROOT_CLASS = YES_ERROR;
				CLANG_WARN_UNREACHABLE_CODE = YES;
				CLANG_WARN__DUPLICATE_METHOD_MATCH = YES;
				"CODE_SIGN_IDENTITY[sdk=iphoneos*]" = "iPhone Developer";
				COPY_PHASE_STRIP = NO;
				ENABLE_STRICT_OBJC_MSGSEND = YES;
				GCC_C_LANGUAGE_STANDARD = gnu99;
				GCC_DYNAMIC_NO_PIC = NO;
				GCC_OPTIMIZATION_LEVEL = 0;
				GCC_PREPROCESSOR_DEFINITIONS = (
					"DEBUG=1",
					"$(inherited)",
				);
				GCC_SYMBOLS_PRIVATE_EXTERN = NO;
				GCC_WARN_64_TO_32_BIT_CONVERSION = YES;
				GCC_WARN_ABOUT_RETURN_TYPE = YES_ERROR;
				GCC_WARN_UNDECLARED_SELECTOR = YES;
				GCC_WARN_UNINITIALIZED_AUTOS = YES_AGGRESSIVE;
				GCC_WARN_UNUSED_FUNCTION = YES;
				GCC_WARN_UNUSED_VARIABLE = YES;
				IPHONEOS_DEPLOYMENT_TARGET = 8.1;
				MTL_ENABLE_DEBUG_INFO = YES;
				ONLY_ACTIVE_ARCH = YES;
				SDKROOT = iphoneos;
				SWIFT_OPTIMIZATION_LEVEL = "-Onone";
			};
			name = Debug;
		};
		315509831A15AEE50068421A /* Release */ = {
			isa = XCBuildConfiguration;
			buildSettings = {
				ALWAYS_SEARCH_USER_PATHS = NO;
				CLANG_CXX_LANGUAGE_STANDARD = "gnu++0x";
				CLANG_CXX_LIBRARY = "libc++";
				CLANG_ENABLE_MODULES = YES;
				CLANG_ENABLE_OBJC_ARC = YES;
				CLANG_WARN_BOOL_CONVERSION = YES;
				CLANG_WARN_CONSTANT_CONVERSION = YES;
				CLANG_WARN_DIRECT_OBJC_ISA_USAGE = YES_ERROR;
				CLANG_WARN_EMPTY_BODY = YES;
				CLANG_WARN_ENUM_CONVERSION = YES;
				CLANG_WARN_INT_CONVERSION = YES;
				CLANG_WARN_OBJC_ROOT_CLASS = YES_ERROR;
				CLANG_WARN_UNREACHABLE_CODE = YES;
				CLANG_WARN__DUPLICATE_METHOD_MATCH = YES;
				"CODE_SIGN_IDENTITY[sdk=iphoneos*]" = "iPhone Developer";
				COPY_PHASE_STRIP = YES;
				ENABLE_NS_ASSERTIONS = NO;
				ENABLE_STRICT_OBJC_MSGSEND = YES;
				GCC_C_LANGUAGE_STANDARD = gnu99;
				GCC_WARN_64_TO_32_BIT_CONVERSION = YES;
				GCC_WARN_ABOUT_RETURN_TYPE = YES_ERROR;
				GCC_WARN_UNDECLARED_SELECTOR = YES;
				GCC_WARN_UNINITIALIZED_AUTOS = YES_AGGRESSIVE;
				GCC_WARN_UNUSED_FUNCTION = YES;
				GCC_WARN_UNUSED_VARIABLE = YES;
				IPHONEOS_DEPLOYMENT_TARGET = 8.1;
				MTL_ENABLE_DEBUG_INFO = NO;
				SDKROOT = iphoneos;
				VALIDATE_PRODUCT = YES;
			};
			name = Release;
		};
		315509851A15AEE50068421A /* Debug */ = {
			isa = XCBuildConfiguration;
			buildSettings = {
				ASSETCATALOG_COMPILER_APPICON_NAME = AppIcon;
				INFOPLIST_FILE = "99 Red Balloons/Info.plist";
				LD_RUNPATH_SEARCH_PATHS = "$(inherited) @executable_path/Frameworks";
				PRODUCT_NAME = "$(TARGET_NAME)";
			};
			name = Debug;
		};
		315509861A15AEE50068421A /* Release */ = {
			isa = XCBuildConfiguration;
			buildSettings = {
				ASSETCATALOG_COMPILER_APPICON_NAME = AppIcon;
				INFOPLIST_FILE = "99 Red Balloons/Info.plist";
				LD_RUNPATH_SEARCH_PATHS = "$(inherited) @executable_path/Frameworks";
				PRODUCT_NAME = "$(TARGET_NAME)";
			};
			name = Release;
		};
		315509881A15AEE50068421A /* Debug */ = {
			isa = XCBuildConfiguration;
			buildSettings = {
				BUNDLE_LOADER = "$(TEST_HOST)";
				FRAMEWORK_SEARCH_PATHS = (
					"$(SDKROOT)/Developer/Library/Frameworks",
					"$(inherited)",
				);
				GCC_PREPROCESSOR_DEFINITIONS = (
					"DEBUG=1",
					"$(inherited)",
				);
				INFOPLIST_FILE = "99 Red BalloonsTests/Info.plist";
				LD_RUNPATH_SEARCH_PATHS = "$(inherited) @executable_path/Frameworks @loader_path/Frameworks";
				PRODUCT_NAME = "$(TARGET_NAME)";
				TEST_HOST = "$(BUILT_PRODUCTS_DIR)/99 Red Balloons.app/99 Red Balloons";
			};
			name = Debug;
		};
		315509891A15AEE50068421A /* Release */ = {
			isa = XCBuildConfiguration;
			buildSettings = {
				BUNDLE_LOADER = "$(TEST_HOST)";
				FRAMEWORK_SEARCH_PATHS = (
					"$(SDKROOT)/Developer/Library/Frameworks",
					"$(inherited)",
				);
				INFOPLIST_FILE = "99 Red BalloonsTests/Info.plist";
				LD_RUNPATH_SEARCH_PATHS = "$(inherited) @executable_path/Frameworks @loader_path/Frameworks";
				PRODUCT_NAME = "$(TARGET_NAME)";
				TEST_HOST = "$(BUILT_PRODUCTS_DIR)/99 Red Balloons.app/99 Red Balloons";
			};
			name = Release;
		};
/* End XCBuildConfiguration section */

/* Begin XCConfigurationList section */
		3155095D1A15AEE40068421A /* Build configuration list for PBXProject "99 Red Balloons" */ = {
			isa = XCConfigurationList;
			buildConfigurations = (
				315509821A15AEE50068421A /* Debug */,
				315509831A15AEE50068421A /* Release */,
			);
			defaultConfigurationIsVisible = 0;
			defaultConfigurationName = Release;
		};
		315509841A15AEE50068421A /* Build configuration list for PBXNativeTarget "99 Red Balloons" */ = {
			isa = XCConfigurationList;
			buildConfigurations = (
				315509851A15AEE50068421A /* Debug */,
				315509861A15AEE50068421A /* Release */,
			);
			defaultConfigurationIsVisible = 0;
		};
		315509871A15AEE50068421A /* Build configuration list for PBXNativeTarget "99 Red BalloonsTests" */ = {
			isa = XCConfigurationList;
			buildConfigurations = (
				315509881A15AEE50068421A /* Debug */,
				315509891A15AEE50068421A /* Release */,
			);
			defaultConfigurationIsVisible = 0;
		};
/* End XCConfigurationList section */

/* Begin XCVersionGroup section */
		315509691A15AEE40068421A /* _9_Red_Balloons.xcdatamodeld */ = {
			isa = XCVersionGroup;
			children = (
				3155096A1A15AEE40068421A /* _9_Red_Balloons.xcdatamodel */,
			);
			currentVersion = 3155096A1A15AEE40068421A /* _9_Red_Balloons.xcdatamodel */;
			path = _9_Red_Balloons.xcdatamodeld;
			sourceTree = "<group>";
			versionGroupType = wrapper.xcdatamodel;
		};
/* End XCVersionGroup section */
	};
	rootObject = 3155095A1A15AEE40068421A /* Project object */;
}
